
Microsoft Visual Studio Solution File, Format Version 12.00
# Visual Studio Version 17
VisualStudioVersion = 17.8.34316.72
MinimumVisualStudioVersion = 10.0.40219.1
Project("{FAE04EC0-301F-11D3-BF4B-00C04F79EFBC}") = "csharpProject_calculator", "csharpProject_calculator\csharpProject_calculator.csproj", "{020B91B6-3675-46C6-893B-4E45F09A5743}"
EndProject
Global
	GlobalSection(SolutionConfigurationPlatforms) = preSolution
		Debug|Any CPU = Debug|Any CPU
		Release|Any CPU = Release|Any CPU
	EndGlobalSection
	GlobalSection(ProjectConfigurationPlatforms) = postSolution
		{020B91B6-3675-46C6-893B-4E45F09A5743}.Debug|Any CPU.ActiveCfg = Debug|Any CPU
		{020B91B6-3675-46C6-893B-4E45F09A5743}.Debug|Any CPU.Build.0 = Debug|Any CPU
		{020B91B6-3675-46C6-893B-4E45F09A5743}.Release|Any CPU.ActiveCfg = Release|Any CPU
		{020B91B6-3675-46C6-893B-4E45F09A5743}.Release|Any CPU.Build.0 = Release|Any CPU
	EndGlobalSection
	GlobalSection(SolutionProperties) = preSolution
		HideSolutionNode = FALSE
	EndGlobalSection
	GlobalSection(ExtensibilityGlobals) = postSolution
		SolutionGuid = {DE5B4A70-EA8A-4094-A819-2667EFE1F4B5}
	EndGlobalSection
EndGlobal
